
Microsoft Visual Studio Solution File, Format Version 12.00
# Visual Studio Version 17
VisualStudioVersion = 17.13.35919.96
MinimumVisualStudioVersion = 10.0.40219.1
Project("{8BC9CEB8-8B4A-11D0-8D11-00A0C91BC942}") = "a2_메모리의 동적할당", "..\a2_메모리의 동적할당\a2_메모리의 동적할당.vcxproj", "{C1F71898-ADAB-4F45-B5C9-4E6DEC930BBC}"
EndProject
Project("{8BC9CEB8-8B4A-11D0-8D11-00A0C91BC942}") = "a3_형변환과 범용포인터", "a3_형변환과 범용포인터\a3_형변환과 범용포인터.vcxproj", "{3CC00844-119E-49C6-AB08-804C0C064931}"
EndProject
Project("{8BC9CEB8-8B4A-11D0-8D11-00A0C91BC942}") = "a6_구조체배열포인터", "a6_구조체배열포인터\a6_구조체배열포인터.vcxproj", "{D2347328-E02E-43D3-8888-881979C8C9AF}"
EndProject
Project("{8BC9CEB8-8B4A-11D0-8D11-00A0C91BC942}") = "a7_파일 입출력", "a7_파일 입출력\a7_파일 입출력.vcxproj", "{BC03B6CD-A105-4CD2-B92F-64A53F809539}"
EndProject
Project("{8BC9CEB8-8B4A-11D0-8D11-00A0C91BC942}") = "a8_ToyProzect", "a8_ToyProzect\a8_ToyProzect.vcxproj", "{365A26B8-BCF8-4AEF-A024-76CCBD261CF7}"
EndProject
Project("{8BC9CEB8-8B4A-11D0-8D11-00A0C91BC942}") = "a9_Project_Poketmon", "a9_Project_Poketmon\a9_Project_Poketmon.vcxproj", "{74B34548-B837-44EC-A737-97441CF98EE1}"
EndProject
Global
	GlobalSection(SolutionConfigurationPlatforms) = preSolution
		Debug|x64 = Debug|x64
		Debug|x86 = Debug|x86
		Release|x64 = Release|x64
		Release|x86 = Release|x86
	EndGlobalSection
	GlobalSection(ProjectConfigurationPlatforms) = postSolution
		{C1F71898-ADAB-4F45-B5C9-4E6DEC930BBC}.Debug|x64.ActiveCfg = Debug|x64
		{C1F71898-ADAB-4F45-B5C9-4E6DEC930BBC}.Debug|x64.Build.0 = Debug|x64
		{C1F71898-ADAB-4F45-B5C9-4E6DEC930BBC}.Debug|x86.ActiveCfg = Debug|Win32
		{C1F71898-ADAB-4F45-B5C9-4E6DEC930BBC}.Debug|x86.Build.0 = Debug|Win32
		{C1F71898-ADAB-4F45-B5C9-4E6DEC930BBC}.Release|x64.ActiveCfg = Release|x64
		{C1F71898-ADAB-4F45-B5C9-4E6DEC930BBC}.Release|x64.Build.0 = Release|x64
		{C1F71898-ADAB-4F45-B5C9-4E6DEC930BBC}.Release|x86.ActiveCfg = Release|Win32
		{C1F71898-ADAB-4F45-B5C9-4E6DEC930BBC}.Release|x86.Build.0 = Release|Win32
		{3CC00844-119E-49C6-AB08-804C0C064931}.Debug|x64.ActiveCfg = Debug|x64
		{3CC00844-119E-49C6-AB08-804C0C064931}.Debug|x64.Build.0 = Debug|x64
		{3CC00844-119E-49C6-AB08-804C0C064931}.Debug|x86.ActiveCfg = Debug|Win32
		{3CC00844-119E-49C6-AB08-804C0C064931}.Debug|x86.Build.0 = Debug|Win32
		{3CC00844-119E-49C6-AB08-804C0C064931}.Release|x64.ActiveCfg = Release|x64
		{3CC00844-119E-49C6-AB08-804C0C064931}.Release|x64.Build.0 = Release|x64
		{3CC00844-119E-49C6-AB08-804C0C064931}.Release|x86.ActiveCfg = Release|Win32
		{3CC00844-119E-49C6-AB08-804C0C064931}.Release|x86.Build.0 = Release|Win32
		{D2347328-E02E-43D3-8888-881979C8C9AF}.Debug|x64.ActiveCfg = Debug|x64
		{D2347328-E02E-43D3-8888-881979C8C9AF}.Debug|x64.Build.0 = Debug|x64
		{D2347328-E02E-43D3-8888-881979C8C9AF}.Debug|x86.ActiveCfg = Debug|Win32
		{D2347328-E02E-43D3-8888-881979C8C9AF}.Debug|x86.Build.0 = Debug|Win32
		{D2347328-E02E-43D3-8888-881979C8C9AF}.Release|x64.ActiveCfg = Release|x64
		{D2347328-E02E-43D3-8888-881979C8C9AF}.Release|x64.Build.0 = Release|x64
		{D2347328-E02E-43D3-8888-881979C8C9AF}.Release|x86.ActiveCfg = Release|Win32
		{D2347328-E02E-43D3-8888-881979C8C9AF}.Release|x86.Build.0 = Release|Win32
		{BC03B6CD-A105-4CD2-B92F-64A53F809539}.Debug|x64.ActiveCfg = Debug|x64
		{BC03B6CD-A105-4CD2-B92F-64A53F809539}.Debug|x64.Build.0 = Debug|x64
		{BC03B6CD-A105-4CD2-B92F-64A53F809539}.Debug|x86.ActiveCfg = Debug|Win32
		{BC03B6CD-A105-4CD2-B92F-64A53F809539}.Debug|x86.Build.0 = Debug|Win32
		{BC03B6CD-A105-4CD2-B92F-64A53F809539}.Release|x64.ActiveCfg = Release|x64
		{BC03B6CD-A105-4CD2-B92F-64A53F809539}.Release|x64.Build.0 = Release|x64
		{BC03B6CD-A105-4CD2-B92F-64A53F809539}.Release|x86.ActiveCfg = Release|Win32
		{BC03B6CD-A105-4CD2-B92F-64A53F809539}.Release|x86.Build.0 = Release|Win32
		{365A26B8-BCF8-4AEF-A024-76CCBD261CF7}.Debug|x64.ActiveCfg = Debug|x64
		{365A26B8-BCF8-4AEF-A024-76CCBD261CF7}.Debug|x64.Build.0 = Debug|x64
		{365A26B8-BCF8-4AEF-A024-76CCBD261CF7}.Debug|x86.ActiveCfg = Debug|Win32
		{365A26B8-BCF8-4AEF-A024-76CCBD261CF7}.Debug|x86.Build.0 = Debug|Win32
		{365A26B8-BCF8-4AEF-A024-76CCBD261CF7}.Release|x64.ActiveCfg = Release|x64
		{365A26B8-BCF8-4AEF-A024-76CCBD261CF7}.Release|x64.Build.0 = Release|x64
		{365A26B8-BCF8-4AEF-A024-76CCBD261CF7}.Release|x86.ActiveCfg = Release|Win32
		{365A26B8-BCF8-4AEF-A024-76CCBD261CF7}.Release|x86.Build.0 = Release|Win32
		{74B34548-B837-44EC-A737-97441CF98EE1}.Debug|x64.ActiveCfg = Debug|x64
		{74B34548-B837-44EC-A737-97441CF98EE1}.Debug|x64.Build.0 = Debug|x64
		{74B34548-B837-44EC-A737-97441CF98EE1}.Debug|x86.ActiveCfg = Debug|Win32
		{74B34548-B837-44EC-A737-97441CF98EE1}.Debug|x86.Build.0 = Debug|Win32
		{74B34548-B837-44EC-A737-97441CF98EE1}.Release|x64.ActiveCfg = Release|x64
		{74B34548-B837-44EC-A737-97441CF98EE1}.Release|x64.Build.0 = Release|x64
		{74B34548-B837-44EC-A737-97441CF98EE1}.Release|x86.ActiveCfg = Release|Win32
		{74B34548-B837-44EC-A737-97441CF98EE1}.Release|x86.Build.0 = Release|Win32
	EndGlobalSection
	GlobalSection(SolutionProperties) = preSolution
		HideSolutionNode = FALSE
	EndGlobalSection
	GlobalSection(ExtensibilityGlobals) = postSolution
		SolutionGuid = {B0CD3398-1BA0-4604-8861-8EFA1BB4B2A5}
	EndGlobalSection
EndGlobal
