
Microsoft Visual Studio Solution File, Format Version 12.00
# Visual Studio Version 17
VisualStudioVersion = 17.13.35919.96
MinimumVisualStudioVersion = 10.0.40219.1
Project("{8BC9CEB8-8B4A-11D0-8D11-00A0C91BC942}") = "2_자료형과 변수", "2_자료형과 변수\2_자료형과 변수.vcxproj", "{ACC8012B-1A67-4205-83B0-8744335BEF0B}"
EndProject
Project("{8BC9CEB8-8B4A-11D0-8D11-00A0C91BC942}") = "3_디버깅", "3_디버깅\3_디버깅.vcxproj", "{E601FE06-6FDD-4930-9EB1-1F283DAEAD58}"
EndProject
Project("{8BC9CEB8-8B4A-11D0-8D11-00A0C91BC942}") = "4_전처리기와 링킹과정", "4_전처리기와 링킹과정\4_전처리기와 링킹과정.vcxproj", "{49CB907B-3DAE-46B6-835D-3D8F169E424C}"
EndProject
Project("{8BC9CEB8-8B4A-11D0-8D11-00A0C91BC942}") = "6_코드의 흐름과 제어", "6_코드의 흐름과 제어\6_코드의 흐름과 제어.vcxproj", "{AD2D7544-E81E-4669-991E-C1EC4DF18EF0}"
EndProject
Global
	GlobalSection(SolutionConfigurationPlatforms) = preSolution
		Debug|x64 = Debug|x64
		Debug|x86 = Debug|x86
		Release|x64 = Release|x64
		Release|x86 = Release|x86
	EndGlobalSection
	GlobalSection(ProjectConfigurationPlatforms) = postSolution
		{ACC8012B-1A67-4205-83B0-8744335BEF0B}.Debug|x64.ActiveCfg = Debug|x64
		{ACC8012B-1A67-4205-83B0-8744335BEF0B}.Debug|x64.Build.0 = Debug|x64
		{ACC8012B-1A67-4205-83B0-8744335BEF0B}.Debug|x86.ActiveCfg = Debug|Win32
		{ACC8012B-1A67-4205-83B0-8744335BEF0B}.Debug|x86.Build.0 = Debug|Win32
		{ACC8012B-1A67-4205-83B0-8744335BEF0B}.Release|x64.ActiveCfg = Release|x64
		{ACC8012B-1A67-4205-83B0-8744335BEF0B}.Release|x64.Build.0 = Release|x64
		{ACC8012B-1A67-4205-83B0-8744335BEF0B}.Release|x86.ActiveCfg = Release|Win32
		{ACC8012B-1A67-4205-83B0-8744335BEF0B}.Release|x86.Build.0 = Release|Win32
		{E601FE06-6FDD-4930-9EB1-1F283DAEAD58}.Debug|x64.ActiveCfg = Debug|x64
		{E601FE06-6FDD-4930-9EB1-1F283DAEAD58}.Debug|x64.Build.0 = Debug|x64
		{E601FE06-6FDD-4930-9EB1-1F283DAEAD58}.Debug|x86.ActiveCfg = Debug|Win32
		{E601FE06-6FDD-4930-9EB1-1F283DAEAD58}.Debug|x86.Build.0 = Debug|Win32
		{E601FE06-6FDD-4930-9EB1-1F283DAEAD58}.Release|x64.ActiveCfg = Release|x64
		{E601FE06-6FDD-4930-9EB1-1F283DAEAD58}.Release|x64.Build.0 = Release|x64
		{E601FE06-6FDD-4930-9EB1-1F283DAEAD58}.Release|x86.ActiveCfg = Release|Win32
		{E601FE06-6FDD-4930-9EB1-1F283DAEAD58}.Release|x86.Build.0 = Release|Win32
		{49CB907B-3DAE-46B6-835D-3D8F169E424C}.Debug|x64.ActiveCfg = Debug|x64
		{49CB907B-3DAE-46B6-835D-3D8F169E424C}.Debug|x64.Build.0 = Debug|x64
		{49CB907B-3DAE-46B6-835D-3D8F169E424C}.Debug|x86.ActiveCfg = Debug|Win32
		{49CB907B-3DAE-46B6-835D-3D8F169E424C}.Debug|x86.Build.0 = Debug|Win32
		{49CB907B-3DAE-46B6-835D-3D8F169E424C}.Release|x64.ActiveCfg = Release|x64
		{49CB907B-3DAE-46B6-835D-3D8F169E424C}.Release|x64.Build.0 = Release|x64
		{49CB907B-3DAE-46B6-835D-3D8F169E424C}.Release|x86.ActiveCfg = Release|Win32
		{49CB907B-3DAE-46B6-835D-3D8F169E424C}.Release|x86.Build.0 = Release|Win32
		{AD2D7544-E81E-4669-991E-C1EC4DF18EF0}.Debug|x64.ActiveCfg = Debug|x64
		{AD2D7544-E81E-4669-991E-C1EC4DF18EF0}.Debug|x64.Build.0 = Debug|x64
		{AD2D7544-E81E-4669-991E-C1EC4DF18EF0}.Debug|x86.ActiveCfg = Debug|Win32
		{AD2D7544-E81E-4669-991E-C1EC4DF18EF0}.Debug|x86.Build.0 = Debug|Win32
		{AD2D7544-E81E-4669-991E-C1EC4DF18EF0}.Release|x64.ActiveCfg = Release|x64
		{AD2D7544-E81E-4669-991E-C1EC4DF18EF0}.Release|x64.Build.0 = Release|x64
		{AD2D7544-E81E-4669-991E-C1EC4DF18EF0}.Release|x86.ActiveCfg = Release|Win32
		{AD2D7544-E81E-4669-991E-C1EC4DF18EF0}.Release|x86.Build.0 = Release|Win32
	EndGlobalSection
	GlobalSection(SolutionProperties) = preSolution
		HideSolutionNode = FALSE
	EndGlobalSection
	GlobalSection(ExtensibilityGlobals) = postSolution
		SolutionGuid = {048D09B5-8AA9-4063-A8FF-DFB5E002732A}
	EndGlobalSection
EndGlobal
